
Microsoft Visual Studio Solution File, Format Version 12.00
# Visual Studio Version 17
VisualStudioVersion = 17.0.31903.59
MinimumVisualStudioVersion = 10.0.40219.1
Project("{FAE04EC0-301F-11D3-BF4B-00C04F79EFBC}") = "library", "library\library.csproj", "{7756783C-286D-4D5A-8B24-DC24E45B9B2B}"
EndProject
Project("{2150E333-8FDC-42A3-9474-1A3956D46DE8}") = "tests", "tests", "{03E3B7F5-E30E-4D56-A967-FF7368DD500C}"
EndProject
Project("{FAE04EC0-301F-11D3-BF4B-00C04F79EFBC}") = "scratch", "tests\scratch\scratch.csproj", "{CFC1A0E6-020B-4A1F-94E4-3BFA87B008DA}"
EndProject
Global
	GlobalSection(SolutionConfigurationPlatforms) = preSolution
		Debug|Any CPU = Debug|Any CPU
		Release|Any CPU = Release|Any CPU
	EndGlobalSection
	GlobalSection(SolutionProperties) = preSolution
		HideSolutionNode = FALSE
	EndGlobalSection
	GlobalSection(ProjectConfigurationPlatforms) = postSolution
		{7756783C-286D-4D5A-8B24-DC24E45B9B2B}.Debug|Any CPU.ActiveCfg = Debug|Any CPU
		{7756783C-286D-4D5A-8B24-DC24E45B9B2B}.Debug|Any CPU.Build.0 = Debug|Any CPU
		{7756783C-286D-4D5A-8B24-DC24E45B9B2B}.Release|Any CPU.ActiveCfg = Release|Any CPU
		{7756783C-286D-4D5A-8B24-DC24E45B9B2B}.Release|Any CPU.Build.0 = Release|Any CPU
		{CFC1A0E6-020B-4A1F-94E4-3BFA87B008DA}.Debug|Any CPU.ActiveCfg = Debug|Any CPU
		{CFC1A0E6-020B-4A1F-94E4-3BFA87B008DA}.Debug|Any CPU.Build.0 = Debug|Any CPU
		{CFC1A0E6-020B-4A1F-94E4-3BFA87B008DA}.Release|Any CPU.ActiveCfg = Release|Any CPU
		{CFC1A0E6-020B-4A1F-94E4-3BFA87B008DA}.Release|Any CPU.Build.0 = Release|Any CPU
	EndGlobalSection
	GlobalSection(NestedProjects) = preSolution
		{CFC1A0E6-020B-4A1F-94E4-3BFA87B008DA} = {03E3B7F5-E30E-4D56-A967-FF7368DD500C}
	EndGlobalSection
EndGlobal
