
Microsoft Visual Studio Solution File, Format Version 12.00
# Visual Studio Version 17
VisualStudioVersion = 17.0.31903.59
MinimumVisualStudioVersion = 10.0.40219.1
Project("{FAE04EC0-301F-11D3-BF4B-00C04F79EFBC}") = "library", "library\library.csproj", "{9090692D-8843-4A98-83F3-9F59C6B1011C}"
EndProject
Project("{2150E333-8FDC-42A3-9474-1A3956D46DE8}") = "tests", "tests", "{9E6C1522-D826-45FF-8179-0E3A77DAE3E5}"
EndProject
Project("{FAE04EC0-301F-11D3-BF4B-00C04F79EFBC}") = "scratch", "tests\scratch\scratch.csproj", "{F7E4A359-E1C7-41DE-AECC-32D7B3A86B74}"
EndProject
Global
	GlobalSection(SolutionConfigurationPlatforms) = preSolution
		Debug|Any CPU = Debug|Any CPU
		Release|Any CPU = Release|Any CPU
	EndGlobalSection
	GlobalSection(SolutionProperties) = preSolution
		HideSolutionNode = FALSE
	EndGlobalSection
	GlobalSection(ProjectConfigurationPlatforms) = postSolution
		{9090692D-8843-4A98-83F3-9F59C6B1011C}.Debug|Any CPU.ActiveCfg = Debug|Any CPU
		{9090692D-8843-4A98-83F3-9F59C6B1011C}.Debug|Any CPU.Build.0 = Debug|Any CPU
		{9090692D-8843-4A98-83F3-9F59C6B1011C}.Release|Any CPU.ActiveCfg = Release|Any CPU
		{9090692D-8843-4A98-83F3-9F59C6B1011C}.Release|Any CPU.Build.0 = Release|Any CPU
		{F7E4A359-E1C7-41DE-AECC-32D7B3A86B74}.Debug|Any CPU.ActiveCfg = Debug|Any CPU
		{F7E4A359-E1C7-41DE-AECC-32D7B3A86B74}.Debug|Any CPU.Build.0 = Debug|Any CPU
		{F7E4A359-E1C7-41DE-AECC-32D7B3A86B74}.Release|Any CPU.ActiveCfg = Release|Any CPU
		{F7E4A359-E1C7-41DE-AECC-32D7B3A86B74}.Release|Any CPU.Build.0 = Release|Any CPU
	EndGlobalSection
	GlobalSection(NestedProjects) = preSolution
		{F7E4A359-E1C7-41DE-AECC-32D7B3A86B74} = {9E6C1522-D826-45FF-8179-0E3A77DAE3E5}
	EndGlobalSection
EndGlobal
